{
  "pins" : [
    {
      "identity" : "swift-syntax",
      "kind" : "remoteSourceControl",
      "location" : "https://github.com/apple/swift-syntax.git",
      "state" : {
        "branch" : "package-release/509",
        "revision" : "057bdfb4632cc758973d46efaf98e43d07ee4bdb"
      }
    }
  ],
  "version" : 2
}
